{
  "version": 2,
  "dependencies": {
    "net10.0": {
      "Npgsql": {
        "type": "Direct",
        "requested": "[10.0.3, )",
        "resolved": "10.0.3",
        "contentHash": "7nb5YzXuvWWJxB0J8DiyL3we+X4FOctZrt0fIBnucOIaIevFEEwGQVZKtiu9olXdlNAK1eNgqSral6r/jlhI4w=="
      },
      "dispatcher.alarm": {
        "type": "Project",
        "dependencies": {
          "Dispatcher.Core": "[1.0.0, )",
          "Dispatcher.Persistence": "[1.0.0, )",
          "Dispatcher.Semantics": "[1.0.0, )",
          "Npgsql": "[10.0.3, )"
        }
      },
      "dispatcher.configuration": {
        "type": "Project",
        "dependencies": {
          "Dispatcher.Equipment": "[1.0.0, )",
          "Dispatcher.Facilities": "[1.0.0, )",
          "Dispatcher.Persistence": "[1.0.0, )",
          "Dispatcher.Platform": "[1.0.0, )",
          "Dispatcher.Semantics": "[1.0.0, )",
          "Npgsql": "[10.0.3, )"
        }
      },
      "dispatcher.core": {
        "type": "Project",
        "dependencies": {
          "Dispatcher.Persistence": "[1.0.0, )",
          "Dispatcher.Semantics": "[1.0.0, )",
          "Npgsql": "[10.0.3, )"
        }
      },
      "dispatcher.equipment": {
        "type": "Project",
        "dependencies": {
          "Dispatcher.Facilities": "[1.0.0, )",
          "Dispatcher.Persistence": "[1.0.0, )",
          "Dispatcher.Platform": "[1.0.0, )",
          "Dispatcher.Semantics": "[1.0.0, )",
          "Npgsql": "[10.0.3, )"
        }
      },
      "dispatcher.events": {
        "type": "Project",
        "dependencies": {
          "Dispatcher.Alarm": "[1.0.0, )",
          "Dispatcher.Core": "[1.0.0, )",
          "Dispatcher.Persistence": "[1.0.0, )",
          "Dispatcher.Semantics": "[1.0.0, )",
          "Npgsql": "[10.0.3, )"
        }
      },
      "dispatcher.facilities": {
        "type": "Project",
        "dependencies": {
          "Dispatcher.Persistence": "[1.0.0, )",
          "Dispatcher.Platform": "[1.0.0, )",
          "Dispatcher.Semantics": "[1.0.0, )",
          "Npgsql": "[10.0.3, )"
        }
      },
      "dispatcher.history": {
        "type": "Project",
        "dependencies": {
          "Dispatcher.Core": "[1.0.0, )",
          "Dispatcher.Persistence": "[1.0.0, )",
          "Dispatcher.Semantics": "[1.0.0, )",
          "Npgsql": "[10.0.3, )"
        }
      },
      "dispatcher.persistence": {
        "type": "Project",
        "dependencies": {
          "Npgsql": "[10.0.3, )"
        }
      },
      "dispatcher.platform": {
        "type": "Project",
        "dependencies": {
          "Dispatcher.Persistence": "[1.0.0, )",
          "Dispatcher.Semantics": "[1.0.0, )",
          "Npgsql": "[10.0.3, )"
        }
      },
      "dispatcher.semantics": {
        "type": "Project"
      },
      "dispatcher.simulator": {
        "type": "Project",
        "dependencies": {
          "Dispatcher.Configuration": "[1.0.0, )",
          "Dispatcher.Core": "[1.0.0, )",
          "Dispatcher.Persistence": "[1.0.0, )",
          "Dispatcher.Platform": "[1.0.0, )",
          "Dispatcher.Semantics": "[1.0.0, )",
          "Npgsql": "[10.0.3, )"
        }
      },
      "dispatcher.workspace": {
        "type": "Project",
        "dependencies": {
          "Dispatcher.Persistence": "[1.0.0, )",
          "Dispatcher.Platform": "[1.0.0, )",
          "Dispatcher.Semantics": "[1.0.0, )",
          "Npgsql": "[10.0.3, )"
        }
      }
    }
  }
}